
Microsoft Visual Studio Solution File, Format Version 12.00
# Visual Studio Version 17
VisualStudioVersion = 17.6.33723.286
MinimumVisualStudioVersion = 10.0.40219.1
Project("{FAE04EC0-301F-11D3-BF4B-00C04F79EFBC}") = "MailService", "MailService.csproj", "{0373A322-EA73-4474-A1A3-70B6F2E04759}"
EndProject
Global
	GlobalSection(SolutionConfigurationPlatforms) = preSolution
		Debug|Any CPU = Debug|Any CPU
		Release|Any CPU = Release|Any CPU
	EndGlobalSection
	GlobalSection(ProjectConfigurationPlatforms) = postSolution
		{0373A322-EA73-4474-A1A3-70B6F2E04759}.Debug|Any CPU.ActiveCfg = Debug|Any CPU
		{0373A322-EA73-4474-A1A3-70B6F2E04759}.Debug|Any CPU.Build.0 = Debug|Any CPU
		{0373A322-EA73-4474-A1A3-70B6F2E04759}.Release|Any CPU.ActiveCfg = Release|Any CPU
		{0373A322-EA73-4474-A1A3-70B6F2E04759}.Release|Any CPU.Build.0 = Release|Any CPU
	EndGlobalSection
	GlobalSection(SolutionProperties) = preSolution
		HideSolutionNode = FALSE
	EndGlobalSection
	GlobalSection(ExtensibilityGlobals) = postSolution
		SolutionGuid = {E8C89F74-D5EE-4A1C-A988-D89CAD4C37A0}
	EndGlobalSection
EndGlobal
